
Microsoft Visual Studio Solution File, Format Version 12.00
# Visual Studio Version 17
VisualStudioVersion = 17.7.34003.232
MinimumVisualStudioVersion = 10.0.40219.1
Project("{FAE04EC0-301F-11D3-BF4B-00C04F79EFBC}") = "CoreDemo", "CoreDemo\CoreDemo.csproj", "{95B80074-D932-45D2-9683-A382F036FB8A}"
EndProject
Project("{FAE04EC0-301F-11D3-BF4B-00C04F79EFBC}") = "EntityLayer", "EntityLayer\EntityLayer.csproj", "{F19D11B4-046D-4610-819B-0090427E426C}"
EndProject
Project("{FAE04EC0-301F-11D3-BF4B-00C04F79EFBC}") = "DataAccessLayer", "DataAccessLayer\DataAccessLayer.csproj", "{8201B2CB-84E7-45C1-81DC-7A3A8104D386}"
EndProject
Project("{FAE04EC0-301F-11D3-BF4B-00C04F79EFBC}") = "BusinessLayer", "BusinessLayer\BusinessLayer.csproj", "{C19F21B5-3CBC-452D-A3C5-4D3D530B9193}"
EndProject
Project("{FAE04EC0-301F-11D3-BF4B-00C04F79EFBC}") = "CoreLayer", "CoreLayer\CoreLayer.csproj", "{C675459D-5794-49F3-8440-E0333B5A9E18}"
EndProject
Global
	GlobalSection(SolutionConfigurationPlatforms) = preSolution
		Debug|Any CPU = Debug|Any CPU
		Release|Any CPU = Release|Any CPU
	EndGlobalSection
	GlobalSection(ProjectConfigurationPlatforms) = postSolution
		{95B80074-D932-45D2-9683-A382F036FB8A}.Debug|Any CPU.ActiveCfg = Debug|Any CPU
		{95B80074-D932-45D2-9683-A382F036FB8A}.Debug|Any CPU.Build.0 = Debug|Any CPU
		{95B80074-D932-45D2-9683-A382F036FB8A}.Release|Any CPU.ActiveCfg = Release|Any CPU
		{95B80074-D932-45D2-9683-A382F036FB8A}.Release|Any CPU.Build.0 = Release|Any CPU
		{F19D11B4-046D-4610-819B-0090427E426C}.Debug|Any CPU.ActiveCfg = Debug|Any CPU
		{F19D11B4-046D-4610-819B-0090427E426C}.Debug|Any CPU.Build.0 = Debug|Any CPU
		{F19D11B4-046D-4610-819B-0090427E426C}.Release|Any CPU.ActiveCfg = Release|Any CPU
		{F19D11B4-046D-4610-819B-0090427E426C}.Release|Any CPU.Build.0 = Release|Any CPU
		{8201B2CB-84E7-45C1-81DC-7A3A8104D386}.Debug|Any CPU.ActiveCfg = Debug|Any CPU
		{8201B2CB-84E7-45C1-81DC-7A3A8104D386}.Debug|Any CPU.Build.0 = Debug|Any CPU
		{8201B2CB-84E7-45C1-81DC-7A3A8104D386}.Release|Any CPU.ActiveCfg = Release|Any CPU
		{8201B2CB-84E7-45C1-81DC-7A3A8104D386}.Release|Any CPU.Build.0 = Release|Any CPU
		{C19F21B5-3CBC-452D-A3C5-4D3D530B9193}.Debug|Any CPU.ActiveCfg = Debug|Any CPU
		{C19F21B5-3CBC-452D-A3C5-4D3D530B9193}.Debug|Any CPU.Build.0 = Debug|Any CPU
		{C19F21B5-3CBC-452D-A3C5-4D3D530B9193}.Release|Any CPU.ActiveCfg = Release|Any CPU
		{C19F21B5-3CBC-452D-A3C5-4D3D530B9193}.Release|Any CPU.Build.0 = Release|Any CPU
		{C675459D-5794-49F3-8440-E0333B5A9E18}.Debug|Any CPU.ActiveCfg = Debug|Any CPU
		{C675459D-5794-49F3-8440-E0333B5A9E18}.Debug|Any CPU.Build.0 = Debug|Any CPU
		{C675459D-5794-49F3-8440-E0333B5A9E18}.Release|Any CPU.ActiveCfg = Release|Any CPU
		{C675459D-5794-49F3-8440-E0333B5A9E18}.Release|Any CPU.Build.0 = Release|Any CPU
	EndGlobalSection
	GlobalSection(SolutionProperties) = preSolution
		HideSolutionNode = FALSE
	EndGlobalSection
	GlobalSection(ExtensibilityGlobals) = postSolution
		SolutionGuid = {FAA3B954-6B9F-48A2-AB38-08A6E9C423BB}
	EndGlobalSection
EndGlobal
